
Microsoft Visual Studio Solution File, Format Version 12.00
# Visual Studio 2012
Project("{f2a71f9b-5d33-465a-a702-920d77279786}") = "csv2skos", "csv2skos\csv2skos.fsproj", "{73A9FA29-46F7-4418-8C38-27BC1C3BC0EA}"
EndProject
Global
	GlobalSection(SolutionConfigurationPlatforms) = preSolution
		Debug|Any CPU = Debug|Any CPU
		Release|Any CPU = Release|Any CPU
	EndGlobalSection
	GlobalSection(ProjectConfigurationPlatforms) = postSolution
		{73A9FA29-46F7-4418-8C38-27BC1C3BC0EA}.Debug|Any CPU.ActiveCfg = Debug|Any CPU
		{73A9FA29-46F7-4418-8C38-27BC1C3BC0EA}.Debug|Any CPU.Build.0 = Debug|Any CPU
		{73A9FA29-46F7-4418-8C38-27BC1C3BC0EA}.Release|Any CPU.ActiveCfg = Release|Any CPU
		{73A9FA29-46F7-4418-8C38-27BC1C3BC0EA}.Release|Any CPU.Build.0 = Release|Any CPU
	EndGlobalSection
	GlobalSection(SolutionProperties) = preSolution
		HideSolutionNode = FALSE
	EndGlobalSection
EndGlobal
